{
    "_meta": {
        "hash": {
            "sha256": "27ea86f89e7c18a36cd3cbcba10365b50cf96290269f6d75d2ef0242fa65de98"
        },
        "pipfile-spec": 6,
        "requires": {
            "python_version": "3.12"
        },
        "sources": [
            {
                "name": "pypi",
                "url": "https://pypi.org/simple",
                "verify_ssl": true
            }
        ]
    },
    "default": {
        "app-common-python": {
            "hashes": [
                "sha256:9388623371c7f4c04727b0057578d85bf6c7086961f10058370e023b7620eea3",
                "sha256:bd3c7fea89eae26eac26d3ca5cddb45459408e0d84fa1b805d0a3c1ad782351b"
            ],
            "version": "==0.2.7"
        },
        "common": {
            "editable": true,
            "path": "./libs/common/src"
        },
        "python-decouple": {
            "hashes": [
                "sha256:ba6e2657d4f376ecc46f77a3a615e058d93ba5e465c01bbe57289bfb7cce680f",
                "sha256:d0d45340815b25f4de59c974b855bb38d03151d81b037d9e3f463b0c9f8cbd66"
            ],
            "version": "==3.8"
        }
    },
    "develop": {}
}
